
Microsoft Visual Studio Solution File, Format Version 12.00
# Visual Studio 15
VisualStudioVersion = 15.0.28010.2048
MinimumVisualStudioVersion = 10.0.40219.1
Project("{FAE04EC0-301F-11D3-BF4B-00C04F79EFBC}") = "MyMVC", "BasicMVC\MyMVC.csproj", "{1FC018C9-224C-42F8-850A-88A48002EF5D}"
EndProject
Project("{FAE04EC0-301F-11D3-BF4B-00C04F79EFBC}") = "MyBlogEngine", "MyBlogEngine\MyBlogEngine.csproj", "{137BE6F2-431D-43A2-9372-D6748E27B4E5}"
EndProject
Global
	GlobalSection(SolutionConfigurationPlatforms) = preSolution
		Debug|Any CPU = Debug|Any CPU
		Release|Any CPU = Release|Any CPU
	EndGlobalSection
	GlobalSection(ProjectConfigurationPlatforms) = postSolution
		{1FC018C9-224C-42F8-850A-88A48002EF5D}.Debug|Any CPU.ActiveCfg = Debug|Any CPU
		{1FC018C9-224C-42F8-850A-88A48002EF5D}.Debug|Any CPU.Build.0 = Debug|Any CPU
		{1FC018C9-224C-42F8-850A-88A48002EF5D}.Release|Any CPU.ActiveCfg = Release|Any CPU
		{1FC018C9-224C-42F8-850A-88A48002EF5D}.Release|Any CPU.Build.0 = Release|Any CPU
		{137BE6F2-431D-43A2-9372-D6748E27B4E5}.Debug|Any CPU.ActiveCfg = Debug|Any CPU
		{137BE6F2-431D-43A2-9372-D6748E27B4E5}.Debug|Any CPU.Build.0 = Debug|Any CPU
		{137BE6F2-431D-43A2-9372-D6748E27B4E5}.Release|Any CPU.ActiveCfg = Release|Any CPU
		{137BE6F2-431D-43A2-9372-D6748E27B4E5}.Release|Any CPU.Build.0 = Release|Any CPU
	EndGlobalSection
	GlobalSection(SolutionProperties) = preSolution
		HideSolutionNode = FALSE
	EndGlobalSection
	GlobalSection(ExtensibilityGlobals) = postSolution
		SolutionGuid = {1227B5C1-E57C-4EE2-B7CD-F9B4530B127E}
	EndGlobalSection
EndGlobal
